
Microsoft Visual Studio Solution File, Format Version 11.00
# Visual Studio 2010
Project("{FAE04EC0-301F-11D3-BF4B-00C04F79EFBC}") = "NFeature.Configuration", "NFeature.Configuration\NFeature.Configuration.csproj", "{7ED05A81-4572-46F9-9098-B96C3496AA2C}"
EndProject
Project("{FAE04EC0-301F-11D3-BF4B-00C04F79EFBC}") = "NFeature.Configuration.Test.Slow", "NFeature.Configuration.Test.Slow\NFeature.Configuration.Test.Slow.csproj", "{99E25182-A76E-4939-9E58-19E89A0E82B0}"
EndProject
Project("{FAE04EC0-301F-11D3-BF4B-00C04F79EFBC}") = "NFeature.Configuration.DefaultTenant.Test.Slow", "NFeature.Configuration.Test.Slow.DefaultTenant\NFeature.Configuration.DefaultTenant.Test.Slow.csproj", "{9B2752A0-0793-4171-A89C-C17E2245E32A}"
EndProject
Global
	GlobalSection(SolutionConfigurationPlatforms) = preSolution
		Debug|Any CPU = Debug|Any CPU
		Release|Any CPU = Release|Any CPU
		Staging|Any CPU = Staging|Any CPU
	EndGlobalSection
	GlobalSection(ProjectConfigurationPlatforms) = postSolution
		{7ED05A81-4572-46F9-9098-B96C3496AA2C}.Debug|Any CPU.ActiveCfg = Debug|Any CPU
		{7ED05A81-4572-46F9-9098-B96C3496AA2C}.Debug|Any CPU.Build.0 = Debug|Any CPU
		{7ED05A81-4572-46F9-9098-B96C3496AA2C}.Release|Any CPU.ActiveCfg = Release|Any CPU
		{7ED05A81-4572-46F9-9098-B96C3496AA2C}.Release|Any CPU.Build.0 = Release|Any CPU
		{7ED05A81-4572-46F9-9098-B96C3496AA2C}.Staging|Any CPU.ActiveCfg = Release|Any CPU
		{7ED05A81-4572-46F9-9098-B96C3496AA2C}.Staging|Any CPU.Build.0 = Release|Any CPU
		{99E25182-A76E-4939-9E58-19E89A0E82B0}.Debug|Any CPU.ActiveCfg = Debug|Any CPU
		{99E25182-A76E-4939-9E58-19E89A0E82B0}.Debug|Any CPU.Build.0 = Debug|Any CPU
		{99E25182-A76E-4939-9E58-19E89A0E82B0}.Release|Any CPU.ActiveCfg = Release|Any CPU
		{99E25182-A76E-4939-9E58-19E89A0E82B0}.Release|Any CPU.Build.0 = Release|Any CPU
		{99E25182-A76E-4939-9E58-19E89A0E82B0}.Staging|Any CPU.ActiveCfg = Release|Any CPU
		{99E25182-A76E-4939-9E58-19E89A0E82B0}.Staging|Any CPU.Build.0 = Release|Any CPU
		{9B2752A0-0793-4171-A89C-C17E2245E32A}.Debug|Any CPU.ActiveCfg = Debug|Any CPU
		{9B2752A0-0793-4171-A89C-C17E2245E32A}.Debug|Any CPU.Build.0 = Debug|Any CPU
		{9B2752A0-0793-4171-A89C-C17E2245E32A}.Release|Any CPU.ActiveCfg = Release|Any CPU
		{9B2752A0-0793-4171-A89C-C17E2245E32A}.Release|Any CPU.Build.0 = Release|Any CPU
		{9B2752A0-0793-4171-A89C-C17E2245E32A}.Staging|Any CPU.ActiveCfg = Release|Any CPU
		{9B2752A0-0793-4171-A89C-C17E2245E32A}.Staging|Any CPU.Build.0 = Release|Any CPU
	EndGlobalSection
	GlobalSection(SolutionProperties) = preSolution
		HideSolutionNode = FALSE
	EndGlobalSection
EndGlobal
